
Microsoft Visual Studio Solution File, Format Version 12.00
# Visual Studio Version 16
VisualStudioVersion = 16.0.31112.23
MinimumVisualStudioVersion = 10.0.40219.1
Project("{FAE04EC0-301F-11D3-BF4B-00C04F79EFBC}") = "cherry-pick-test", "cherry-pick-test.csproj", "{BC05381C-0B69-44CD-8D1D-BE7A563989F9}"
EndProject
Global
	GlobalSection(SolutionConfigurationPlatforms) = preSolution
		Debug|Any CPU = Debug|Any CPU
		Release|Any CPU = Release|Any CPU
	EndGlobalSection
	GlobalSection(ProjectConfigurationPlatforms) = postSolution
		{BC05381C-0B69-44CD-8D1D-BE7A563989F9}.Debug|Any CPU.ActiveCfg = Debug|Any CPU
		{BC05381C-0B69-44CD-8D1D-BE7A563989F9}.Debug|Any CPU.Build.0 = Debug|Any CPU
		{BC05381C-0B69-44CD-8D1D-BE7A563989F9}.Release|Any CPU.ActiveCfg = Release|Any CPU
		{BC05381C-0B69-44CD-8D1D-BE7A563989F9}.Release|Any CPU.Build.0 = Release|Any CPU
	EndGlobalSection
	GlobalSection(SolutionProperties) = preSolution
		HideSolutionNode = FALSE
	EndGlobalSection
	GlobalSection(ExtensibilityGlobals) = postSolution
		SolutionGuid = {FF7F44A5-37A2-4E6A-99FA-546A1B9AD0BC}
	EndGlobalSection
EndGlobal
